
Microsoft Visual Studio Solution File, Format Version 12.00
# Visual Studio Version 16
VisualStudioVersion = 16.0.29911.84
MinimumVisualStudioVersion = 10.0.40219.1
Project("{FAE04EC0-301F-11D3-BF4B-00C04F79EFBC}") = "CommandPattern", "CommandPattern.csproj", "{93447CD3-D895-4542-B5BE-03BCD6E6AFCF}"
EndProject
Global
	GlobalSection(SolutionConfigurationPlatforms) = preSolution
		Debug|Any CPU = Debug|Any CPU
		Release|Any CPU = Release|Any CPU
	EndGlobalSection
	GlobalSection(ProjectConfigurationPlatforms) = postSolution
		{93447CD3-D895-4542-B5BE-03BCD6E6AFCF}.Debug|Any CPU.ActiveCfg = Debug|Any CPU
		{93447CD3-D895-4542-B5BE-03BCD6E6AFCF}.Debug|Any CPU.Build.0 = Debug|Any CPU
		{93447CD3-D895-4542-B5BE-03BCD6E6AFCF}.Release|Any CPU.ActiveCfg = Release|Any CPU
		{93447CD3-D895-4542-B5BE-03BCD6E6AFCF}.Release|Any CPU.Build.0 = Release|Any CPU
	EndGlobalSection
	GlobalSection(SolutionProperties) = preSolution
		HideSolutionNode = FALSE
	EndGlobalSection
	GlobalSection(ExtensibilityGlobals) = postSolution
		SolutionGuid = {9E60827E-EAAF-4A74-B753-D61085BDF0B5}
	EndGlobalSection
EndGlobal
